// !$*UTF8*$!
{
	archiveVersion = 1;
	classes = {
	};
	objectVersion = 70;
	objects = {

/* Begin PBXBuildFile section */
		44DE27942ED3222400111DE6 /* auto-increment-build.sh in Resources */ = {isa = PBXBuildFile; fileRef = 44DE27902ED3222400111DE6 /* auto-increment-build.sh */; };
		44DE27952ED3222400111DE6 /* install-and-restart.sh in Resources */ = {isa = PBXBuildFile; fileRef = 44DE27912ED3222400111DE6 /* install-and-restart.sh */; };
		44DE27962ED3222400111DE6 /* sign-notarize-staple.sh in Resources */ = {isa = PBXBuildFile; fileRef = 44DE27922ED3222400111DE6 /* sign-notarize-staple.sh */; };
/* End PBXBuildFile section */

/* Begin PBXContainerItemProxy section */
		440DF4172EC9341C00D9FE4F /* PBXContainerItemProxy */ = {
			isa = PBXContainerItemProxy;
			containerPortal = 44483AC22EA452BD00F49641 /* Project object */;
			proxyType = 1;
			remoteGlobalIDString = 44483ACA2EA452BD00F49641;
			remoteInfo = MysteryPrismClock;
		};
/* End PBXContainerItemProxy section */

/* Begin PBXCopyFilesBuildPhase section */
		44DC3D6F2EBBAFB6000B179E /* CopyFiles */ = {
			isa = PBXCopyFilesBuildPhase;
			buildActionMask = 2147483647;
			dstPath = "";
			dstSubfolderSpec = 0;
			files = (
			);
			runOnlyForDeploymentPostprocessing = 0;
		};
/* End PBXCopyFilesBuildPhase section */

/* Begin PBXFileReference section */
		440DF4042EC9330000D9FE4F /* MysteryPrismClockTests.xctest */ = {isa = PBXFileReference; explicitFileType = wrapper.cfbundle; includeInIndex = 0; path = MysteryPrismClockTests.xctest; sourceTree = BUILT_PRODUCTS_DIR; };
		44483ACB2EA452BD00F49641 /* MysteryPrism.saver */ = {isa = PBXFileReference; explicitFileType = wrapper.cfbundle; includeInIndex = 0; path = MysteryPrism.saver; sourceTree = BUILT_PRODUCTS_DIR; };
		44A6FDC22EA4930F006854BE /* .gitignore */ = {isa = PBXFileReference; lastKnownFileType = text; path = .gitignore; sourceTree = "<group>"; };
		44DE27902ED3222400111DE6 /* auto-increment-build.sh */ = {isa = PBXFileReference; lastKnownFileType = text.script.sh; path = "auto-increment-build.sh"; sourceTree = "<group>"; };
		44DE27912ED3222400111DE6 /* install-and-restart.sh */ = {isa = PBXFileReference; lastKnownFileType = text.script.sh; path = "install-and-restart.sh"; sourceTree = "<group>"; };
		44DE27922ED3222400111DE6 /* sign-notarize-staple.sh */ = {isa = PBXFileReference; lastKnownFileType = text.script.sh; path = "sign-notarize-staple.sh"; sourceTree = "<group>"; };
/* End PBXFileReference section */

/* Begin PBXFileSystemSynchronizedBuildFileExceptionSet section */
		440DF41E2EC9345900D9FE4F /* PBXFileSystemSynchronizedBuildFileExceptionSet */ = {
			isa = PBXFileSystemSynchronizedBuildFileExceptionSet;
			membershipExceptions = (
				ClockColors.swift,
				ClockPaths.swift,
				ClockView.swift,
				ClockViewModel.swift,
				ColorExtension.swift,
				Hours.swift,
				Logger.swift,
				MinuteHourOverlap.swift,
				MinuteHourSecondsOverlap.swift,
				Minutes.swift,
				MysteryPrismClockView.swift,
				MysteryPrismScreenSaver.swift,
				"Orphan Detection.swift",
				Seconds.swift,
			);
			target = 440DF4032EC9330000D9FE4F /* MysteryPrismClockTests */;
		};
		44ABBEB52EBC6D30004C7FD0 /* PBXFileSystemSynchronizedBuildFileExceptionSet */ = {
			isa = PBXFileSystemSynchronizedBuildFileExceptionSet;
			membershipExceptions = (
				Info.plist,
			);
			target = 44483ACA2EA452BD00F49641 /* MysteryPrismClock */;
		};
/* End PBXFileSystemSynchronizedBuildFileExceptionSet section */

/* Begin PBXFileSystemSynchronizedRootGroup section */
		440DF4052EC9330000D9FE4F /* MysteryPrismClockTests */ = {isa = PBXFileSystemSynchronizedRootGroup; explicitFileTypes = {}; explicitFolders = (); path = MysteryPrismClockTests; sourceTree = "<group>"; };
		44483ACD2EA452BD00F49641 /* MysteryPrismClock */ = {isa = PBXFileSystemSynchronizedRootGroup; exceptions = (44ABBEB52EBC6D30004C7FD0 /* PBXFileSystemSynchronizedBuildFileExceptionSet */, 440DF41E2EC9345900D9FE4F /* PBXFileSystemSynchronizedBuildFileExceptionSet */, ); explicitFileTypes = {}; explicitFolders = (); path = MysteryPrismClock; sourceTree = "<group>"; };
/* End PBXFileSystemSynchronizedRootGroup section */

/* Begin PBXFrameworksBuildPhase section */
		440DF4012EC9330000D9FE4F /* Frameworks */ = {
			isa = PBXFrameworksBuildPhase;
			buildActionMask = 2147483647;
			files = (
			);
			runOnlyForDeploymentPostprocessing = 0;
		};
		44483AC82EA452BD00F49641 /* Frameworks */ = {
			isa = PBXFrameworksBuildPhase;
			buildActionMask = 2147483647;
			files = (
			);
			runOnlyForDeploymentPostprocessing = 0;
		};
/* End PBXFrameworksBuildPhase section */

/* Begin PBXGroup section */
		44483AC12EA452BD00F49641 = {
			isa = PBXGroup;
			children = (
				44A6FDC22EA4930F006854BE /* .gitignore */,
				44483ACD2EA452BD00F49641 /* MysteryPrismClock */,
				44DE27932ED3222400111DE6 /* Scripts */,
				440DF4052EC9330000D9FE4F /* MysteryPrismClockTests */,
				44483ACC2EA452BD00F49641 /* Products */,
			);
			sourceTree = "<group>";
		};
		44483ACC2EA452BD00F49641 /* Products */ = {
			isa = PBXGroup;
			children = (
				44483ACB2EA452BD00F49641 /* MysteryPrism.saver */,
				440DF4042EC9330000D9FE4F /* MysteryPrismClockTests.xctest */,
			);
			name = Products;
			sourceTree = "<group>";
		};
		44DE27932ED3222400111DE6 /* Scripts */ = {
			isa = PBXGroup;
			children = (
				44DE27902ED3222400111DE6 /* auto-increment-build.sh */,
				44DE27912ED3222400111DE6 /* install-and-restart.sh */,
				44DE27922ED3222400111DE6 /* sign-notarize-staple.sh */,
			);
			path = Scripts;
			sourceTree = "<group>";
		};
/* End PBXGroup section */

/* Begin PBXHeadersBuildPhase section */
		44483AC62EA452BD00F49641 /* Headers */ = {
			isa = PBXHeadersBuildPhase;
			buildActionMask = 2147483647;
			files = (
			);
			runOnlyForDeploymentPostprocessing = 0;
		};
/* End PBXHeadersBuildPhase section */

/* Begin PBXNativeTarget section */
		440DF4032EC9330000D9FE4F /* MysteryPrismClockTests */ = {
			isa = PBXNativeTarget;
			buildConfigurationList = 440DF40A2EC9330000D9FE4F /* Build configuration list for PBXNativeTarget "MysteryPrismClockTests" */;
			buildPhases = (
				440DF4002EC9330000D9FE4F /* Sources */,
				440DF4012EC9330000D9FE4F /* Frameworks */,
				440DF4022EC9330000D9FE4F /* Resources */,
			);
			buildRules = (
			);
			dependencies = (
				440DF4182EC9341C00D9FE4F /* PBXTargetDependency */,
			);
			fileSystemSynchronizedGroups = (
				440DF4052EC9330000D9FE4F /* MysteryPrismClockTests */,
			);
			name = MysteryPrismClockTests;
			packageProductDependencies = (
			);
			productName = MysteryPrismClockTests;
			productReference = 440DF4042EC9330000D9FE4F /* MysteryPrismClockTests.xctest */;
			productType = "com.apple.product-type.bundle.unit-test";
		};
		44483ACA2EA452BD00F49641 /* MysteryPrismClock */ = {
			isa = PBXNativeTarget;
			buildConfigurationList = 44483AD42EA452BD00F49641 /* Build configuration list for PBXNativeTarget "MysteryPrismClock" */;
			buildPhases = (
				44483AC62EA452BD00F49641 /* Headers */,
				449CDCA32EBC5DD5003E91C7 /* Auto-Increment Build number */,
				44483AC72EA452BD00F49641 /* Sources */,
				44483AC82EA452BD00F49641 /* Frameworks */,
				44483AC92EA452BD00F49641 /* Resources */,
				44DC3D6F2EBBAFB6000B179E /* CopyFiles */,
				44717BFC2EBC709600BA018D /* Install and Restart ScreenSaver */,
				44DE27882ED3204900111DE6 /* sign-notarize-staple */,
			);
			buildRules = (
			);
			dependencies = (
			);
			fileSystemSynchronizedGroups = (
				44483ACD2EA452BD00F49641 /* MysteryPrismClock */,
			);
			name = MysteryPrismClock;
			packageProductDependencies = (
			);
			productName = MysteryPrismClock;
			productReference = 44483ACB2EA452BD00F49641 /* MysteryPrism.saver */;
			productType = "com.apple.product-type.bundle";
		};
/* End PBXNativeTarget section */

/* Begin PBXProject section */
		44483AC22EA452BD00F49641 /* Project object */ = {
			isa = PBXProject;
			attributes = {
				BuildIndependentTargetsInParallel = 1;
				LastSwiftUpdateCheck = 2610;
				LastUpgradeCheck = 2620;
				TargetAttributes = {
					440DF4032EC9330000D9FE4F = {
						CreatedOnToolsVersion = 26.1.1;
					};
					44483ACA2EA452BD00F49641 = {
						CreatedOnToolsVersion = 26.0.1;
						LastSwiftMigration = 2600;
					};
				};
			};
			buildConfigurationList = 44483AC52EA452BD00F49641 /* Build configuration list for PBXProject "MysteryPrismClock" */;
			compatibilityVersion = "Xcode 15.3";
			developmentRegion = en;
			hasScannedForEncodings = 0;
			knownRegions = (
				en,
				Base,
			);
			mainGroup = 44483AC12EA452BD00F49641;
			minimizedProjectReferenceProxies = 1;
			productRefGroup = 44483ACC2EA452BD00F49641 /* Products */;
			projectDirPath = "";
			projectRoot = "";
			targets = (
				44483ACA2EA452BD00F49641 /* MysteryPrismClock */,
				440DF4032EC9330000D9FE4F /* MysteryPrismClockTests */,
			);
		};
/* End PBXProject section */

/* Begin PBXResourcesBuildPhase section */
		440DF4022EC9330000D9FE4F /* Resources */ = {
			isa = PBXResourcesBuildPhase;
			buildActionMask = 2147483647;
			files = (
			);
			runOnlyForDeploymentPostprocessing = 0;
		};
		44483AC92EA452BD00F49641 /* Resources */ = {
			isa = PBXResourcesBuildPhase;
			buildActionMask = 2147483647;
			files = (
				44DE27942ED3222400111DE6 /* auto-increment-build.sh in Resources */,
				44DE27952ED3222400111DE6 /* install-and-restart.sh in Resources */,
				44DE27962ED3222400111DE6 /* sign-notarize-staple.sh in Resources */,
			);
			runOnlyForDeploymentPostprocessing = 0;
		};
/* End PBXResourcesBuildPhase section */

/* Begin PBXShellScriptBuildPhase section */
		44717BFC2EBC709600BA018D /* Install and Restart ScreenSaver */ = {
			isa = PBXShellScriptBuildPhase;
			alwaysOutOfDate = 1;
			buildActionMask = 2147483647;
			files = (
			);
			inputFileListPaths = (
			);
			inputPaths = (
			);
			name = "Install and Restart ScreenSaver";
			outputFileListPaths = (
			);
			outputPaths = (
			);
			runOnlyForDeploymentPostprocessing = 0;
			shellPath = /bin/sh;
			shellScript = "\"${PROJECT_DIR}/Scripts/install-and-restart.sh\"\n";
		};
		449CDCA32EBC5DD5003E91C7 /* Auto-Increment Build number */ = {
			isa = PBXShellScriptBuildPhase;
			alwaysOutOfDate = 1;
			buildActionMask = 2147483647;
			files = (
			);
			inputFileListPaths = (
			);
			inputPaths = (
			);
			name = "Auto-Increment Build number";
			outputFileListPaths = (
			);
			outputPaths = (
			);
			runOnlyForDeploymentPostprocessing = 0;
			shellPath = /bin/sh;
			shellScript = "\"${PROJECT_DIR}/Scripts/auto-increment-build.sh\"\n";
		};
		44DE27882ED3204900111DE6 /* sign-notarize-staple */ = {
			isa = PBXShellScriptBuildPhase;
			alwaysOutOfDate = 1;
			buildActionMask = 2147483647;
			files = (
			);
			inputFileListPaths = (
			);
			inputPaths = (
			);
			name = "sign-notarize-staple";
			outputFileListPaths = (
			);
			outputPaths = (
			);
			runOnlyForDeploymentPostprocessing = 0;
			shellPath = /bin/sh;
			shellScript = "\"${PROJECT_DIR}/Scripts/sign-notarize-staple.sh\"\n\n";
		};
/* End PBXShellScriptBuildPhase section */

/* Begin PBXSourcesBuildPhase section */
		440DF4002EC9330000D9FE4F /* Sources */ = {
			isa = PBXSourcesBuildPhase;
			buildActionMask = 2147483647;
			files = (
			);
			runOnlyForDeploymentPostprocessing = 0;
		};
		44483AC72EA452BD00F49641 /* Sources */ = {
			isa = PBXSourcesBuildPhase;
			buildActionMask = 2147483647;
			files = (
			);
			runOnlyForDeploymentPostprocessing = 0;
		};
/* End PBXSourcesBuildPhase section */

/* Begin PBXTargetDependency section */
		440DF4182EC9341C00D9FE4F /* PBXTargetDependency */ = {
			isa = PBXTargetDependency;
			target = 44483ACA2EA452BD00F49641 /* MysteryPrismClock */;
			targetProxy = 440DF4172EC9341C00D9FE4F /* PBXContainerItemProxy */;
		};
/* End PBXTargetDependency section */

/* Begin XCBuildConfiguration section */
		440DF4082EC9330000D9FE4F /* Debug */ = {
			isa = XCBuildConfiguration;
			buildSettings = {
				CODE_SIGN_STYLE = Automatic;
				CURRENT_PROJECT_VERSION = 1;
				DEVELOPMENT_TEAM = 469QP4JCLF;
				ENABLE_USER_SCRIPT_SANDBOXING = YES;
				GENERATE_INFOPLIST_FILE = YES;
				MACOSX_DEPLOYMENT_TARGET = 26.1;
				MARKETING_VERSION = 1.0;
				PRODUCT_BUNDLE_IDENTIFIER = com.moxiesoftware.MysteryPrismClockTests;
				PRODUCT_NAME = "$(TARGET_NAME)";
				STRING_CATALOG_GENERATE_SYMBOLS = NO;
				SWIFT_ACTIVE_COMPILATION_CONDITIONS = "DEBUG $(inherited)";
				SWIFT_APPROACHABLE_CONCURRENCY = YES;
				SWIFT_EMIT_LOC_STRINGS = NO;
				SWIFT_OPTIMIZATION_LEVEL = "-Onone";
				SWIFT_UPCOMING_FEATURE_MEMBER_IMPORT_VISIBILITY = YES;
				SWIFT_VERSION = 5.0;
			};
			name = Debug;
		};
		440DF4092EC9330000D9FE4F /* Release */ = {
			isa = XCBuildConfiguration;
			buildSettings = {
				CODE_SIGN_STYLE = Automatic;
				CURRENT_PROJECT_VERSION = 1;
				DEVELOPMENT_TEAM = 469QP4JCLF;
				ENABLE_USER_SCRIPT_SANDBOXING = YES;
				GENERATE_INFOPLIST_FILE = YES;
				MACOSX_DEPLOYMENT_TARGET = 26.1;
				MARKETING_VERSION = 1.0;
				PRODUCT_BUNDLE_IDENTIFIER = com.moxiesoftware.MysteryPrismClockTests;
				PRODUCT_NAME = "$(TARGET_NAME)";
				STRING_CATALOG_GENERATE_SYMBOLS = NO;
				SWIFT_APPROACHABLE_CONCURRENCY = YES;
				SWIFT_EMIT_LOC_STRINGS = NO;
				SWIFT_UPCOMING_FEATURE_MEMBER_IMPORT_VISIBILITY = YES;
				SWIFT_VERSION = 5.0;
			};
			name = Release;
		};
		44483AD22EA452BD00F49641 /* Debug */ = {
			isa = XCBuildConfiguration;
			buildSettings = {
				ALWAYS_SEARCH_USER_PATHS = NO;
				ASSETCATALOG_COMPILER_GENERATE_SWIFT_ASSET_SYMBOL_EXTENSIONS = YES;
				CLANG_ANALYZER_NONNULL = YES;
				CLANG_ANALYZER_NUMBER_OBJECT_CONVERSION = YES_AGGRESSIVE;
				CLANG_CXX_LANGUAGE_STANDARD = "gnu++20";
				CLANG_ENABLE_MODULES = YES;
				CLANG_ENABLE_OBJC_ARC = YES;
				CLANG_ENABLE_OBJC_WEAK = YES;
				CLANG_WARN_BLOCK_CAPTURE_AUTORELEASING = YES;
				CLANG_WARN_BOOL_CONVERSION = YES;
				CLANG_WARN_COMMA = YES;
				CLANG_WARN_CONSTANT_CONVERSION = YES;
				CLANG_WARN_DEPRECATED_OBJC_IMPLEMENTATIONS = YES;
				CLANG_WARN_DIRECT_OBJC_ISA_USAGE = YES_ERROR;
				CLANG_WARN_DOCUMENTATION_COMMENTS = YES;
				CLANG_WARN_EMPTY_BODY = YES;
				CLANG_WARN_ENUM_CONVERSION = YES;
				CLANG_WARN_INFINITE_RECURSION = YES;
				CLANG_WARN_INT_CONVERSION = YES;
				CLANG_WARN_NON_LITERAL_NULL_CONVERSION = YES;
				CLANG_WARN_OBJC_IMPLICIT_RETAIN_SELF = YES;
				CLANG_WARN_OBJC_LITERAL_CONVERSION = YES;
				CLANG_WARN_OBJC_ROOT_CLASS = YES_ERROR;
				CLANG_WARN_QUOTED_INCLUDE_IN_FRAMEWORK_HEADER = YES;
				CLANG_WARN_RANGE_LOOP_ANALYSIS = YES;
				CLANG_WARN_STRICT_PROTOTYPES = YES;
				CLANG_WARN_SUSPICIOUS_MOVE = YES;
				CLANG_WARN_UNGUARDED_AVAILABILITY = YES_AGGRESSIVE;
				CLANG_WARN_UNREACHABLE_CODE = YES;
				CLANG_WARN__DUPLICATE_METHOD_MATCH = YES;
				CODE_SIGN_IDENTITY = "Apple Development";
				COPY_PHASE_STRIP = NO;
				DEAD_CODE_STRIPPING = YES;
				DEBUG_INFORMATION_FORMAT = dwarf;
				DEVELOPMENT_TEAM = 469QP4JCLF;
				ENABLE_APP_SANDBOX = YES;
				ENABLE_FILE_ACCESS_DOWNLOADS_FOLDER = readwrite;
				ENABLE_STRICT_OBJC_MSGSEND = YES;
				ENABLE_TESTABILITY = YES;
				ENABLE_USER_SCRIPT_SANDBOXING = NO;
				ENABLE_USER_SELECTED_FILES = readwrite;
				GCC_C_LANGUAGE_STANDARD = gnu17;
				GCC_DYNAMIC_NO_PIC = NO;
				GCC_NO_COMMON_BLOCKS = YES;
				GCC_OPTIMIZATION_LEVEL = 0;
				GCC_PREPROCESSOR_DEFINITIONS = (
					"DEBUG=1",
					"$(inherited)",
				);
				GCC_WARN_64_TO_32_BIT_CONVERSION = YES;
				GCC_WARN_ABOUT_RETURN_TYPE = YES_ERROR;
				GCC_WARN_UNDECLARED_SELECTOR = YES;
				GCC_WARN_UNINITIALIZED_AUTOS = YES_AGGRESSIVE;
				GCC_WARN_UNUSED_FUNCTION = YES;
				GCC_WARN_UNUSED_VARIABLE = YES;
				LOCALIZATION_PREFERS_STRING_CATALOGS = YES;
				MACOSX_DEPLOYMENT_TARGET = 26.0;
				MARKETING_VERSION = 1.9;
				MTL_ENABLE_DEBUG_INFO = INCLUDE_SOURCE;
				MTL_FAST_MATH = YES;
				ONLY_ACTIVE_ARCH = YES;
				SDKROOT = macosx;
				STRING_CATALOG_GENERATE_SYMBOLS = YES;
			};
			name = Debug;
		};
		44483AD32EA452BD00F49641 /* Release */ = {
			isa = XCBuildConfiguration;
			buildSettings = {
				ALWAYS_SEARCH_USER_PATHS = NO;
				ASSETCATALOG_COMPILER_GENERATE_SWIFT_ASSET_SYMBOL_EXTENSIONS = YES;
				CLANG_ANALYZER_NONNULL = YES;
				CLANG_ANALYZER_NUMBER_OBJECT_CONVERSION = YES_AGGRESSIVE;
				CLANG_CXX_LANGUAGE_STANDARD = "gnu++20";
				CLANG_ENABLE_MODULES = YES;
				CLANG_ENABLE_OBJC_ARC = YES;
				CLANG_ENABLE_OBJC_WEAK = YES;
				CLANG_WARN_BLOCK_CAPTURE_AUTORELEASING = YES;
				CLANG_WARN_BOOL_CONVERSION = YES;
				CLANG_WARN_COMMA = YES;
				CLANG_WARN_CONSTANT_CONVERSION = YES;
				CLANG_WARN_DEPRECATED_OBJC_IMPLEMENTATIONS = YES;
				CLANG_WARN_DIRECT_OBJC_ISA_USAGE = YES_ERROR;
				CLANG_WARN_DOCUMENTATION_COMMENTS = YES;
				CLANG_WARN_EMPTY_BODY = YES;
				CLANG_WARN_ENUM_CONVERSION = YES;
				CLANG_WARN_INFINITE_RECURSION = YES;
				CLANG_WARN_INT_CONVERSION = YES;
				CLANG_WARN_NON_LITERAL_NULL_CONVERSION = YES;
				CLANG_WARN_OBJC_IMPLICIT_RETAIN_SELF = YES;
				CLANG_WARN_OBJC_LITERAL_CONVERSION = YES;
				CLANG_WARN_OBJC_ROOT_CLASS = YES_ERROR;
				CLANG_WARN_QUOTED_INCLUDE_IN_FRAMEWORK_HEADER = YES;
				CLANG_WARN_RANGE_LOOP_ANALYSIS = YES;
				CLANG_WARN_STRICT_PROTOTYPES = YES;
				CLANG_WARN_SUSPICIOUS_MOVE = YES;
				CLANG_WARN_UNGUARDED_AVAILABILITY = YES_AGGRESSIVE;
				CLANG_WARN_UNREACHABLE_CODE = YES;
				CLANG_WARN__DUPLICATE_METHOD_MATCH = YES;
				CODE_SIGN_IDENTITY = "Apple Development";
				COPY_PHASE_STRIP = NO;
				DEAD_CODE_STRIPPING = YES;
				DEBUG_INFORMATION_FORMAT = "dwarf-with-dsym";
				DEVELOPMENT_TEAM = 469QP4JCLF;
				ENABLE_APP_SANDBOX = YES;
				ENABLE_FILE_ACCESS_DOWNLOADS_FOLDER = readwrite;
				ENABLE_NS_ASSERTIONS = NO;
				ENABLE_STRICT_OBJC_MSGSEND = YES;
				ENABLE_USER_SCRIPT_SANDBOXING = NO;
				ENABLE_USER_SELECTED_FILES = readwrite;
				GCC_C_LANGUAGE_STANDARD = gnu17;
				GCC_NO_COMMON_BLOCKS = YES;
				GCC_WARN_64_TO_32_BIT_CONVERSION = YES;
				GCC_WARN_ABOUT_RETURN_TYPE = YES_ERROR;
				GCC_WARN_UNDECLARED_SELECTOR = YES;
				GCC_WARN_UNINITIALIZED_AUTOS = YES_AGGRESSIVE;
				GCC_WARN_UNUSED_FUNCTION = YES;
				GCC_WARN_UNUSED_VARIABLE = YES;
				LOCALIZATION_PREFERS_STRING_CATALOGS = YES;
				MACOSX_DEPLOYMENT_TARGET = 26.0;
				MARKETING_VERSION = 1.9;
				MTL_ENABLE_DEBUG_INFO = NO;
				MTL_FAST_MATH = YES;
				SDKROOT = macosx;
				STRING_CATALOG_GENERATE_SYMBOLS = YES;
				SWIFT_COMPILATION_MODE = wholemodule;
			};
			name = Release;
		};
		44483AD52EA452BD00F49641 /* Debug */ = {
			isa = XCBuildConfiguration;
			buildSettings = {
				CLANG_ENABLE_MODULES = YES;
				CODE_SIGN_ENTITLEMENTS = MysteryPrismClock/MysteryPrismClock.entitlements;
				CODE_SIGN_IDENTITY = "Apple Development";
				"CODE_SIGN_IDENTITY[sdk=macosx*]" = "Apple Development";
				CODE_SIGN_STYLE = Manual;
				COMBINE_HIDPI_IMAGES = YES;
				CURRENT_PROJECT_VERSION = 60;
				DEAD_CODE_STRIPPING = YES;
				DEVELOPMENT_TEAM = "";
				"DEVELOPMENT_TEAM[sdk=macosx*]" = 469QP4JCLF;
				ENABLE_APP_SANDBOX = YES;
				ENABLE_USER_SELECTED_FILES = readonly;
				INFOPLIST_FILE = MysteryPrismClock/Info.plist;
				INFOPLIST_KEY_NSHumanReadableCopyright = "";
				INFOPLIST_KEY_NSPrincipalClass = "$(PRODUCT_MODULE_NAME).MysteryPrismScreenSaver";
				INSTALL_PATH = "$(HOME)/Library/Screen Savers";
				MACOSX_DEPLOYMENT_TARGET = 14.6;
				MARKETING_VERSION = 1.9;
				OTHER_CODE_SIGN_FLAGS = "--timestamp";
				PRODUCT_BUNDLE_IDENTIFIER = com.moxiesoftware.MysteryPrismClock;
				PRODUCT_NAME = MysteryPrism;
				PROVISIONING_PROFILE_SPECIFIER = "";
				STRING_CATALOG_GENERATE_SYMBOLS = YES;
				SWIFT_EMIT_LOC_STRINGS = YES;
				SWIFT_OBJC_BRIDGING_HEADER = "";
				SWIFT_OPTIMIZATION_LEVEL = "-Onone";
				SWIFT_VERSION = 5.0;
				VERSIONING_SYSTEM = "apple-generic";
				WRAPPER_EXTENSION = saver;
			};
			name = Debug;
		};
		44483AD62EA452BD00F49641 /* Release */ = {
			isa = XCBuildConfiguration;
			buildSettings = {
				CLANG_ENABLE_MODULES = YES;
				CODE_SIGN_ENTITLEMENTS = MysteryPrismClock/MysteryPrismClock.entitlements;
				CODE_SIGN_IDENTITY = "Apple Development";
				"CODE_SIGN_IDENTITY[sdk=macosx*]" = "Apple Development";
				CODE_SIGN_STYLE = Manual;
				COMBINE_HIDPI_IMAGES = YES;
				CURRENT_PROJECT_VERSION = 60;
				DEAD_CODE_STRIPPING = YES;
				DEBUG_INFORMATION_FORMAT = dwarf;
				DEVELOPMENT_TEAM = "";
				"DEVELOPMENT_TEAM[sdk=macosx*]" = 469QP4JCLF;
				ENABLE_APP_SANDBOX = YES;
				ENABLE_USER_SELECTED_FILES = readonly;
				INFOPLIST_FILE = MysteryPrismClock/Info.plist;
				INFOPLIST_KEY_NSHumanReadableCopyright = "";
				INFOPLIST_KEY_NSPrincipalClass = "$(PRODUCT_MODULE_NAME).MysteryPrismScreenSaver";
				INSTALL_PATH = "$(HOME)/Library/Screen Savers";
				MACOSX_DEPLOYMENT_TARGET = 14.6;
				MARKETING_VERSION = 1.9;
				OTHER_CODE_SIGN_FLAGS = "--timestamp";
				PRODUCT_BUNDLE_IDENTIFIER = com.moxiesoftware.MysteryPrismClock;
				PRODUCT_NAME = MysteryPrism;
				PROVISIONING_PROFILE_SPECIFIER = "";
				STRING_CATALOG_GENERATE_SYMBOLS = YES;
				SWIFT_EMIT_LOC_STRINGS = YES;
				SWIFT_OBJC_BRIDGING_HEADER = "";
				SWIFT_VERSION = 5.0;
				VERSIONING_SYSTEM = "apple-generic";
				WRAPPER_EXTENSION = saver;
			};
			name = Release;
		};
/* End XCBuildConfiguration section */

/* Begin XCConfigurationList section */
		440DF40A2EC9330000D9FE4F /* Build configuration list for PBXNativeTarget "MysteryPrismClockTests" */ = {
			isa = XCConfigurationList;
			buildConfigurations = (
				440DF4082EC9330000D9FE4F /* Debug */,
				440DF4092EC9330000D9FE4F /* Release */,
			);
			defaultConfigurationIsVisible = 0;
			defaultConfigurationName = Release;
		};
		44483AC52EA452BD00F49641 /* Build configuration list for PBXProject "MysteryPrismClock" */ = {
			isa = XCConfigurationList;
			buildConfigurations = (
				44483AD22EA452BD00F49641 /* Debug */,
				44483AD32EA452BD00F49641 /* Release */,
			);
			defaultConfigurationIsVisible = 0;
			defaultConfigurationName = Release;
		};
		44483AD42EA452BD00F49641 /* Build configuration list for PBXNativeTarget "MysteryPrismClock" */ = {
			isa = XCConfigurationList;
			buildConfigurations = (
				44483AD52EA452BD00F49641 /* Debug */,
				44483AD62EA452BD00F49641 /* Release */,
			);
			defaultConfigurationIsVisible = 0;
			defaultConfigurationName = Release;
		};
/* End XCConfigurationList section */
	};
	rootObject = 44483AC22EA452BD00F49641 /* Project object */;
}
