// !$*UTF8*$!
{
	archiveVersion = 1;
	classes = {
	};
	objectVersion = 70;
	objects = {

/* Begin PBXCopyFilesBuildPhase section */
		44DC3D6F2EBBAFB6000B179E /* CopyFiles */ = {
			isa = PBXCopyFilesBuildPhase;
			buildActionMask = 2147483647;
			dstPath = "";
			dstSubfolderSpec = 0;
			files = (
			);
			runOnlyForDeploymentPostprocessing = 0;
		};
/* End PBXCopyFilesBuildPhase section */

/* Begin PBXFileReference section */
		44483ACB2EA452BD00F49641 /* MysteryPrism.saver */ = {isa = PBXFileReference; explicitFileType = wrapper.cfbundle; includeInIndex = 0; path = MysteryPrism.saver; sourceTree = BUILT_PRODUCTS_DIR; };
		44A6FDC22EA4930F006854BE /* .gitignore */ = {isa = PBXFileReference; lastKnownFileType = text; path = .gitignore; sourceTree = "<group>"; };
/* End PBXFileReference section */

/* Begin PBXFileSystemSynchronizedBuildFileExceptionSet section */
		44ABBEB52EBC6D30004C7FD0 /* PBXFileSystemSynchronizedBuildFileExceptionSet */ = {
			isa = PBXFileSystemSynchronizedBuildFileExceptionSet;
			membershipExceptions = (
				Info.plist,
			);
			target = 44483ACA2EA452BD00F49641 /* MysteryPrismClock */;
		};
/* End PBXFileSystemSynchronizedBuildFileExceptionSet section */

/* Begin PBXFileSystemSynchronizedRootGroup section */
		44483ACD2EA452BD00F49641 /* MysteryPrismClock */ = {isa = PBXFileSystemSynchronizedRootGroup; exceptions = (44ABBEB52EBC6D30004C7FD0 /* PBXFileSystemSynchronizedBuildFileExceptionSet */, ); explicitFileTypes = {}; explicitFolders = (); path = MysteryPrismClock; sourceTree = "<group>"; };
/* End PBXFileSystemSynchronizedRootGroup section */

/* Begin PBXFrameworksBuildPhase section */
		44483AC82EA452BD00F49641 /* Frameworks */ = {
			isa = PBXFrameworksBuildPhase;
			buildActionMask = 2147483647;
			files = (
			);
			runOnlyForDeploymentPostprocessing = 0;
		};
/* End PBXFrameworksBuildPhase section */

/* Begin PBXGroup section */
		44483AC12EA452BD00F49641 = {
			isa = PBXGroup;
			children = (
				44A6FDC22EA4930F006854BE /* .gitignore */,
				44483ACD2EA452BD00F49641 /* MysteryPrismClock */,
				44483ACC2EA452BD00F49641 /* Products */,
			);
			sourceTree = "<group>";
		};
		44483ACC2EA452BD00F49641 /* Products */ = {
			isa = PBXGroup;
			children = (
				44483ACB2EA452BD00F49641 /* MysteryPrism.saver */,
			);
			name = Products;
			sourceTree = "<group>";
		};
/* End PBXGroup section */

/* Begin PBXHeadersBuildPhase section */
		44483AC62EA452BD00F49641 /* Headers */ = {
			isa = PBXHeadersBuildPhase;
			buildActionMask = 2147483647;
			files = (
			);
			runOnlyForDeploymentPostprocessing = 0;
		};
/* End PBXHeadersBuildPhase section */

/* Begin PBXNativeTarget section */
		44483ACA2EA452BD00F49641 /* MysteryPrismClock */ = {
			isa = PBXNativeTarget;
			buildConfigurationList = 44483AD42EA452BD00F49641 /* Build configuration list for PBXNativeTarget "MysteryPrismClock" */;
			buildPhases = (
				44483AC62EA452BD00F49641 /* Headers */,
				449CDCA32EBC5DD5003E91C7 /* Auto-Increment Build number */,
				44483AC72EA452BD00F49641 /* Sources */,
				44483AC82EA452BD00F49641 /* Frameworks */,
				44483AC92EA452BD00F49641 /* Resources */,
				44DC3D6F2EBBAFB6000B179E /* CopyFiles */,
				44717C5A2EBCDCFC00BA018D /* Sign, Notarize, Staple, and make a zip file (release builds only) */,
				44717BFC2EBC709600BA018D /* Install and Restart ScreenSaver */,
			);
			buildRules = (
			);
			dependencies = (
			);
			fileSystemSynchronizedGroups = (
				44483ACD2EA452BD00F49641 /* MysteryPrismClock */,
			);
			name = MysteryPrismClock;
			packageProductDependencies = (
			);
			productName = MysteryPrismClock;
			productReference = 44483ACB2EA452BD00F49641 /* MysteryPrism.saver */;
			productType = "com.apple.product-type.bundle";
		};
/* End PBXNativeTarget section */

/* Begin PBXProject section */
		44483AC22EA452BD00F49641 /* Project object */ = {
			isa = PBXProject;
			attributes = {
				BuildIndependentTargetsInParallel = 1;
				LastUpgradeCheck = 2610;
				TargetAttributes = {
					44483ACA2EA452BD00F49641 = {
						CreatedOnToolsVersion = 26.0.1;
						LastSwiftMigration = 2600;
					};
				};
			};
			buildConfigurationList = 44483AC52EA452BD00F49641 /* Build configuration list for PBXProject "MysteryPrismClock" */;
			compatibilityVersion = "Xcode 15.3";
			developmentRegion = en;
			hasScannedForEncodings = 0;
			knownRegions = (
				en,
				Base,
			);
			mainGroup = 44483AC12EA452BD00F49641;
			minimizedProjectReferenceProxies = 1;
			productRefGroup = 44483ACC2EA452BD00F49641 /* Products */;
			projectDirPath = "";
			projectRoot = "";
			targets = (
				44483ACA2EA452BD00F49641 /* MysteryPrismClock */,
			);
		};
/* End PBXProject section */

/* Begin PBXResourcesBuildPhase section */
		44483AC92EA452BD00F49641 /* Resources */ = {
			isa = PBXResourcesBuildPhase;
			buildActionMask = 2147483647;
			files = (
			);
			runOnlyForDeploymentPostprocessing = 0;
		};
/* End PBXResourcesBuildPhase section */

/* Begin PBXShellScriptBuildPhase section */
		44717BFC2EBC709600BA018D /* Install and Restart ScreenSaver */ = {
			isa = PBXShellScriptBuildPhase;
			alwaysOutOfDate = 1;
			buildActionMask = 2147483647;
			files = (
			);
			inputFileListPaths = (
			);
			inputPaths = (
			);
			name = "Install and Restart ScreenSaver";
			outputFileListPaths = (
			);
			outputPaths = (
			);
			runOnlyForDeploymentPostprocessing = 0;
			shellPath = /bin/sh;
			shellScript = "#!/bin/bash\n\n# Exit on error\nset -e\n\necho -e \"🔧 Post-Build: Installing and Restarting Screensaver\"\n\n# Get the built product path\nBUILT_PRODUCT_PATH=\"${BUILT_PRODUCTS_DIR}/${PRODUCT_NAME}.${WRAPPER_EXTENSION}\"\n\necho -e \"📦 Built product: ${BUILT_PRODUCT_PATH}\"\n\n# Verify the build exists\nif [ ! -d \"${BUILT_PRODUCT_PATH}\" ]; then\n    echo -e \"❌ Error: Built product not found at ${BUILT_PRODUCT_PATH}\"\n    exit 1\nfi\n\n# Define installation directory (user screensavers)\nINSTALL_DIR=\"${HOME}/Library/Screen Savers\"\nINSTALLED_SAVER=\"${INSTALL_DIR}/${PRODUCT_NAME}.${WRAPPER_EXTENSION}\"\n\necho -e \"📍 Installation directory: ${INSTALL_DIR}\"\n\n# Create the directory if it doesn't exist\nmkdir -p \"${INSTALL_DIR}\"\n\n# Kill all running screensaver processes\necho -e \"🛑 Killing all screensaver processes...\"\n\n# Kill the System Preferences/Settings process if it's open (to release file locks)\npkill -x \"System Preferences\" 2>/dev/null || true\npkill -x \"System Settings\" 2>/dev/null || true\n\n# Kill the legacyScreenSaver process (this is what actually runs screensavers)\npkill -x \"legacyScreenSaver\" 2>/dev/null || true\n\n# Kill the ScreenSaverEngine process\npkill -x \"ScreenSaverEngine\" 2>/dev/null || true\n\n# Kill any process that might have loaded our specific screensaver\n# This uses the product name to be more specific\npkill -f \"${PRODUCT_NAME}\" 2>/dev/null || true\n\n# Wait a moment for processes to fully terminate\nsleep 0.5\n\necho -e \"✅ All screensaver processes terminated\"\n\n# Remove old installation if it exists\nif [ -d \"${INSTALLED_SAVER}\" ]; then\n    echo -e \"🗑️  Removing old installation...\"\n    rm -rf \"${INSTALLED_SAVER}\"\nfi\n\n# Copy the new build to the installation directory\necho -e \"📥 Installing screensaver...\"\ncp -R \"${BUILT_PRODUCT_PATH}\" \"${INSTALLED_SAVER}\"\n\n# Verify installation\nif [ -d \"${INSTALLED_SAVER}\" ]; then\n    echo -e \"✅ Screensaver installed successfully!\"\n    echo -e \"📁 Location: ${INSTALLED_SAVER}\"\nelse\n    echo -e \"❌ Installation failed\"\n    exit 1\nfi\n\n# Touch the screensaver to update its modification date\n# This can help the system recognize it's been updated\ntouch \"${INSTALLED_SAVER}\"\n\n# Optional: Refresh the screensaver list cache\n# This kills the preferences cache to force a refresh\ndefaults read com.apple.screensaver > /dev/null 2>&1 || true\n\necho -e \"🎉 Screensaver installed and ready to use!\"\n\nexit 0\n";
		};
		44717C5A2EBCDCFC00BA018D /* Sign, Notarize, Staple, and make a zip file (release builds only) */ = {
			isa = PBXShellScriptBuildPhase;
			alwaysOutOfDate = 1;
			buildActionMask = 2147483647;
			files = (
			);
			inputFileListPaths = (
			);
			inputPaths = (
			);
			name = "Sign, Notarize, Staple, and make a zip file (release builds only)";
			outputFileListPaths = (
			);
			outputPaths = (
			);
			runOnlyForDeploymentPostprocessing = 0;
			shellPath = /bin/sh;
			shellScript = "##!/bin/bash\n\nset -e\n\n# Only run for Release builds\nif [ \"${CONFIGURATION}\" != \"Release\" ]; then\n    echo \"ℹ️  Skipping notarization (not a Release build, current configuration: ${CONFIGURATION})\"\n    exit 0\nfi\n\n# Configuration - UPDATE THESE VALUES\nDEVELOPER_ID=\"Developer ID Application: Bill Coderre (RUHYK57MF9)\"\nNOTARIZATION_KEYCHAIN_PROFILE=\"notarization-profile\"\n\n# Find the most recent build\nDERIVED_DATA_PATH=\"$HOME/Library/Developer/Xcode/DerivedData\"\nPROJECT_BUILD_PATH=$(find \"${DERIVED_DATA_PATH}\" -name \"MysteryPrismClock-*\" -type d | head -1)\n\nif [ -z \"${PROJECT_BUILD_PATH}\" ]; then\n    echo \"❌ Could not find DerivedData path for MysteryPrismClock\"\n    exit 1\nfi\n\nBUNDLE_PATH=\"${PROJECT_BUILD_PATH}/Build/Products/Release/MysteryPrism.saver\"\n\necho \"🔍 Starting signing, notarization, and stapling...\"\necho \"Bundle path: ${BUNDLE_PATH}\"\n\n# Verify bundle exists\nif [ ! -d \"${BUNDLE_PATH}\" ]; then\n    echo \"❌ Bundle not found at ${BUNDLE_PATH}\"\n    echo \"Available builds:\"\n    find \"${PROJECT_BUILD_PATH}/Build/Products\" -name \"*.saver\" 2>/dev/null || echo \"No .saver bundles found\"\n    exit 1\nfi\n\n# Check current signature\necho \"🔍 Current signature status:\"\ncodesign -dv \"${BUNDLE_PATH}\" 2>&1\n\n# Step 1: Sign for distribution\necho \"✍️  Signing bundle for distribution...\"\ncodesign --force \\\n         --verify \\\n         --verbose \\\n         --sign \"${DEVELOPER_ID}\" \\\n         --options runtime \\\n         --timestamp \\\n         \"${BUNDLE_PATH}\"\n\nif [ $? -ne 0 ]; then\n    echo \"❌ Code signing failed\"\n    exit 1\nfi\n\necho \"✅ Bundle signed successfully\"\n\n# Step 2: Create a zip for notarization\nBUNDLE_DIR=\"$(dirname \"${BUNDLE_PATH}\")\"\nBUNDLE_NAME=\"$(basename \"${BUNDLE_PATH}\" .saver)\"\nZIP_PATH=\"${BUNDLE_DIR}/${BUNDLE_NAME}.zip\"\n\necho \"📦 Creating zip for notarization...\"\ncd \"${BUNDLE_DIR}\"\nrm -f \"${BUNDLE_NAME}.zip\"\n/usr/bin/ditto -c -k --keepParent \"${BUNDLE_NAME}.saver\" \"${BUNDLE_NAME}.zip\"\n\nif [ ! -f \"${ZIP_PATH}\" ]; then\n    echo \"❌ Failed to create zip file\"\n    exit 1\nfi\n\necho \"✅ Zip created at ${ZIP_PATH}\"\n\n# Step 3: Submit for notarization\necho \"🚀 Submitting for notarization...\"\nxcrun notarytool submit \"${ZIP_PATH}\" \\\n                       --keychain-profile \"${NOTARIZATION_KEYCHAIN_PROFILE}\" \\\n                       --wait\n\nif [ $? -ne 0 ]; then\n    echo \"❌ Notarization failed\"\n    exit 1\nfi\n\necho \"✅ Notarization completed successfully\"\n\n# Step 4: Staple the notarization ticket\necho \"📎 Stapling notarization ticket...\"\nxcrun stapler staple \"${BUNDLE_PATH}\"\n\nif [ $? -ne 0 ]; then\n    echo \"❌ Stapling failed\"\n    exit 1\nfi\n\necho \"✅ Stapling completed successfully\"\n\n# Step 5: Final verification\necho \"🔍 Final verification...\"\ncodesign --verify --verbose=2 \"${BUNDLE_PATH}\"\nxcrun stapler validate \"${BUNDLE_PATH}\"\n\necho \"🎉 Bundle successfully signed, notarized, and stapled!\"\necho \"📁 Signed bundle location: ${BUNDLE_PATH}\"\n\n# Clean up zip file\nrm -f \"${ZIP_PATH}\"\necho \"🧹 Cleaned up temporary zip file\"\n\necho \"📦 Creating zip for distribution\"\n/usr/bin/ditto -c -k --keepParent \"${BUNDLE_NAME}.saver\" \"${BUNDLE_NAME}.zip\"\nBUNDLE_PATH=\"${PROJECT_BUILD_PATH}/Build/Products/\"\nopen \"${BUNDLE_PATH}\"\n\necho \"🎉 Completed!\"\n Type a script or drag a script file from your workspace to insert its path.\n";
		};
		449CDCA32EBC5DD5003E91C7 /* Auto-Increment Build number */ = {
			isa = PBXShellScriptBuildPhase;
			alwaysOutOfDate = 1;
			buildActionMask = 2147483647;
			files = (
			);
			inputFileListPaths = (
			);
			inputPaths = (
			);
			name = "Auto-Increment Build number";
			outputFileListPaths = (
			);
			outputPaths = (
			);
			runOnlyForDeploymentPostprocessing = 0;
			shellPath = /bin/sh;
			shellScript = "#!/bin/bash\n\n# Auto-increment build number using PlistBuddy\n# Add this as a Run Script Phase in Xcode build phases (before \"Copy Bundle Resources\")\n\nset -e\n\n# Path to Info.plist in source directory\nINFO_PLIST=\"${PROJECT_DIR}/${INFOPLIST_FILE}\"\n\n# Verify the Info.plist exists\nif [ ! -f \"${INFO_PLIST}\" ]; then\n    echo \"error: Info.plist not found at ${INFO_PLIST}\"\n    exit 1\nfi\n\necho \"📝 Incrementing build number in ${INFOPLIST_FILE}\"\n\n# Get the current build number\nCURRENT_BUILD=$(/usr/libexec/PlistBuddy -c \"Print CFBundleVersion\" \"${INFO_PLIST}\" 2>/dev/null || echo \"0\")\n\n# Increment it\nNEW_BUILD=$((CURRENT_BUILD + 1))\n\n# Update the Info.plist\n/usr/libexec/PlistBuddy -c \"Set :CFBundleVersion ${NEW_BUILD}\" \"${INFO_PLIST}\"\n\n# Also ensure CFBundleShortVersionString exists (marketing version)\nVERSION=$(/usr/libexec/PlistBuddy -c \"Print CFBundleShortVersionString\" \"${INFO_PLIST}\" 2>/dev/null || echo \"\")\n\nif [ -z \"${VERSION}\" ]; then\n    echo \"⚠️  CFBundleShortVersionString not found, setting to 1.0\"\n    /usr/libexec/PlistBuddy -c \"Add :CFBundleShortVersionString string 1.0\" \"${INFO_PLIST}\" 2>/dev/null || \\\n    /usr/libexec/PlistBuddy -c \"Set :CFBundleShortVersionString 1.0\" \"${INFO_PLIST}\"\nfi\n\necho \"✅ Build number incremented: ${CURRENT_BUILD} → ${NEW_BUILD}\"\necho \"   Version: ${VERSION} (${NEW_BUILD})\"\n\n";
		};
/* End PBXShellScriptBuildPhase section */

/* Begin PBXSourcesBuildPhase section */
		44483AC72EA452BD00F49641 /* Sources */ = {
			isa = PBXSourcesBuildPhase;
			buildActionMask = 2147483647;
			files = (
			);
			runOnlyForDeploymentPostprocessing = 0;
		};
/* End PBXSourcesBuildPhase section */

/* Begin XCBuildConfiguration section */
		44483AD22EA452BD00F49641 /* Debug */ = {
			isa = XCBuildConfiguration;
			buildSettings = {
				ALWAYS_SEARCH_USER_PATHS = NO;
				ASSETCATALOG_COMPILER_GENERATE_SWIFT_ASSET_SYMBOL_EXTENSIONS = YES;
				CLANG_ANALYZER_NONNULL = YES;
				CLANG_ANALYZER_NUMBER_OBJECT_CONVERSION = YES_AGGRESSIVE;
				CLANG_CXX_LANGUAGE_STANDARD = "gnu++20";
				CLANG_ENABLE_MODULES = YES;
				CLANG_ENABLE_OBJC_ARC = YES;
				CLANG_ENABLE_OBJC_WEAK = YES;
				CLANG_WARN_BLOCK_CAPTURE_AUTORELEASING = YES;
				CLANG_WARN_BOOL_CONVERSION = YES;
				CLANG_WARN_COMMA = YES;
				CLANG_WARN_CONSTANT_CONVERSION = YES;
				CLANG_WARN_DEPRECATED_OBJC_IMPLEMENTATIONS = YES;
				CLANG_WARN_DIRECT_OBJC_ISA_USAGE = YES_ERROR;
				CLANG_WARN_DOCUMENTATION_COMMENTS = YES;
				CLANG_WARN_EMPTY_BODY = YES;
				CLANG_WARN_ENUM_CONVERSION = YES;
				CLANG_WARN_INFINITE_RECURSION = YES;
				CLANG_WARN_INT_CONVERSION = YES;
				CLANG_WARN_NON_LITERAL_NULL_CONVERSION = YES;
				CLANG_WARN_OBJC_IMPLICIT_RETAIN_SELF = YES;
				CLANG_WARN_OBJC_LITERAL_CONVERSION = YES;
				CLANG_WARN_OBJC_ROOT_CLASS = YES_ERROR;
				CLANG_WARN_QUOTED_INCLUDE_IN_FRAMEWORK_HEADER = YES;
				CLANG_WARN_RANGE_LOOP_ANALYSIS = YES;
				CLANG_WARN_STRICT_PROTOTYPES = YES;
				CLANG_WARN_SUSPICIOUS_MOVE = YES;
				CLANG_WARN_UNGUARDED_AVAILABILITY = YES_AGGRESSIVE;
				CLANG_WARN_UNREACHABLE_CODE = YES;
				CLANG_WARN__DUPLICATE_METHOD_MATCH = YES;
				CODE_SIGN_IDENTITY = "Apple Development";
				COPY_PHASE_STRIP = NO;
				DEAD_CODE_STRIPPING = YES;
				DEBUG_INFORMATION_FORMAT = dwarf;
				DEVELOPMENT_TEAM = 469QP4JCLF;
				ENABLE_APP_SANDBOX = YES;
				ENABLE_FILE_ACCESS_DOWNLOADS_FOLDER = readwrite;
				ENABLE_STRICT_OBJC_MSGSEND = YES;
				ENABLE_TESTABILITY = YES;
				ENABLE_USER_SCRIPT_SANDBOXING = NO;
				ENABLE_USER_SELECTED_FILES = readwrite;
				GCC_C_LANGUAGE_STANDARD = gnu17;
				GCC_DYNAMIC_NO_PIC = NO;
				GCC_NO_COMMON_BLOCKS = YES;
				GCC_OPTIMIZATION_LEVEL = 0;
				GCC_PREPROCESSOR_DEFINITIONS = (
					"DEBUG=1",
					"$(inherited)",
				);
				GCC_WARN_64_TO_32_BIT_CONVERSION = YES;
				GCC_WARN_ABOUT_RETURN_TYPE = YES_ERROR;
				GCC_WARN_UNDECLARED_SELECTOR = YES;
				GCC_WARN_UNINITIALIZED_AUTOS = YES_AGGRESSIVE;
				GCC_WARN_UNUSED_FUNCTION = YES;
				GCC_WARN_UNUSED_VARIABLE = YES;
				LOCALIZATION_PREFERS_STRING_CATALOGS = YES;
				MACOSX_DEPLOYMENT_TARGET = 26.0;
				MTL_ENABLE_DEBUG_INFO = INCLUDE_SOURCE;
				MTL_FAST_MATH = YES;
				ONLY_ACTIVE_ARCH = YES;
				SDKROOT = macosx;
				STRING_CATALOG_GENERATE_SYMBOLS = YES;
			};
			name = Debug;
		};
		44483AD32EA452BD00F49641 /* Release */ = {
			isa = XCBuildConfiguration;
			buildSettings = {
				ALWAYS_SEARCH_USER_PATHS = NO;
				ASSETCATALOG_COMPILER_GENERATE_SWIFT_ASSET_SYMBOL_EXTENSIONS = YES;
				CLANG_ANALYZER_NONNULL = YES;
				CLANG_ANALYZER_NUMBER_OBJECT_CONVERSION = YES_AGGRESSIVE;
				CLANG_CXX_LANGUAGE_STANDARD = "gnu++20";
				CLANG_ENABLE_MODULES = YES;
				CLANG_ENABLE_OBJC_ARC = YES;
				CLANG_ENABLE_OBJC_WEAK = YES;
				CLANG_WARN_BLOCK_CAPTURE_AUTORELEASING = YES;
				CLANG_WARN_BOOL_CONVERSION = YES;
				CLANG_WARN_COMMA = YES;
				CLANG_WARN_CONSTANT_CONVERSION = YES;
				CLANG_WARN_DEPRECATED_OBJC_IMPLEMENTATIONS = YES;
				CLANG_WARN_DIRECT_OBJC_ISA_USAGE = YES_ERROR;
				CLANG_WARN_DOCUMENTATION_COMMENTS = YES;
				CLANG_WARN_EMPTY_BODY = YES;
				CLANG_WARN_ENUM_CONVERSION = YES;
				CLANG_WARN_INFINITE_RECURSION = YES;
				CLANG_WARN_INT_CONVERSION = YES;
				CLANG_WARN_NON_LITERAL_NULL_CONVERSION = YES;
				CLANG_WARN_OBJC_IMPLICIT_RETAIN_SELF = YES;
				CLANG_WARN_OBJC_LITERAL_CONVERSION = YES;
				CLANG_WARN_OBJC_ROOT_CLASS = YES_ERROR;
				CLANG_WARN_QUOTED_INCLUDE_IN_FRAMEWORK_HEADER = YES;
				CLANG_WARN_RANGE_LOOP_ANALYSIS = YES;
				CLANG_WARN_STRICT_PROTOTYPES = YES;
				CLANG_WARN_SUSPICIOUS_MOVE = YES;
				CLANG_WARN_UNGUARDED_AVAILABILITY = YES_AGGRESSIVE;
				CLANG_WARN_UNREACHABLE_CODE = YES;
				CLANG_WARN__DUPLICATE_METHOD_MATCH = YES;
				CODE_SIGN_IDENTITY = "Apple Development";
				COPY_PHASE_STRIP = NO;
				DEAD_CODE_STRIPPING = YES;
				DEBUG_INFORMATION_FORMAT = "dwarf-with-dsym";
				DEVELOPMENT_TEAM = 469QP4JCLF;
				ENABLE_APP_SANDBOX = YES;
				ENABLE_FILE_ACCESS_DOWNLOADS_FOLDER = readwrite;
				ENABLE_NS_ASSERTIONS = NO;
				ENABLE_STRICT_OBJC_MSGSEND = YES;
				ENABLE_USER_SCRIPT_SANDBOXING = NO;
				ENABLE_USER_SELECTED_FILES = readwrite;
				GCC_C_LANGUAGE_STANDARD = gnu17;
				GCC_NO_COMMON_BLOCKS = YES;
				GCC_WARN_64_TO_32_BIT_CONVERSION = YES;
				GCC_WARN_ABOUT_RETURN_TYPE = YES_ERROR;
				GCC_WARN_UNDECLARED_SELECTOR = YES;
				GCC_WARN_UNINITIALIZED_AUTOS = YES_AGGRESSIVE;
				GCC_WARN_UNUSED_FUNCTION = YES;
				GCC_WARN_UNUSED_VARIABLE = YES;
				LOCALIZATION_PREFERS_STRING_CATALOGS = YES;
				MACOSX_DEPLOYMENT_TARGET = 26.0;
				MTL_ENABLE_DEBUG_INFO = NO;
				MTL_FAST_MATH = YES;
				SDKROOT = macosx;
				STRING_CATALOG_GENERATE_SYMBOLS = YES;
				SWIFT_COMPILATION_MODE = wholemodule;
			};
			name = Release;
		};
		44483AD52EA452BD00F49641 /* Debug */ = {
			isa = XCBuildConfiguration;
			buildSettings = {
				CLANG_ENABLE_MODULES = YES;
				CODE_SIGN_ENTITLEMENTS = MysteryPrismClock/MysteryPrism.entitlements;
				CODE_SIGN_IDENTITY = "Developer ID Application: Bill Coderre (RUHYK57MF9)";
				"CODE_SIGN_IDENTITY[sdk=macosx*]" = "-";
				CODE_SIGN_STYLE = Manual;
				COMBINE_HIDPI_IMAGES = YES;
				CURRENT_PROJECT_VERSION = 60;
				DEAD_CODE_STRIPPING = YES;
				DEVELOPMENT_TEAM = RUHYK57MF9;
				INFOPLIST_FILE = MysteryPrismClock/Info.plist;
				INFOPLIST_KEY_NSHumanReadableCopyright = "";
				INFOPLIST_KEY_NSPrincipalClass = "$(PRODUCT_MODULE_NAME).MysteryPrismScreenSaver";
				INSTALL_PATH = "$(HOME)/Library/Screen Savers";
				MACOSX_DEPLOYMENT_TARGET = 15.6;
				MARKETING_VERSION = 1.5f1;
				OTHER_CODE_SIGN_FLAGS = "--timestamp";
				PRODUCT_BUNDLE_IDENTIFIER = com.moxiesoftware.MysteryPrismClock;
				PRODUCT_NAME = MysteryPrism;
				PROVISIONING_PROFILE_SPECIFIER = "";
				STRING_CATALOG_GENERATE_SYMBOLS = YES;
				SWIFT_EMIT_LOC_STRINGS = YES;
				SWIFT_OBJC_BRIDGING_HEADER = "";
				SWIFT_OPTIMIZATION_LEVEL = "-Onone";
				SWIFT_VERSION = 5.0;
				VERSIONING_SYSTEM = "apple-generic";
				WRAPPER_EXTENSION = saver;
			};
			name = Debug;
		};
		44483AD62EA452BD00F49641 /* Release */ = {
			isa = XCBuildConfiguration;
			buildSettings = {
				CLANG_ENABLE_MODULES = YES;
				CODE_SIGN_ENTITLEMENTS = MysteryPrismClock/MysteryPrism.entitlements;
				CODE_SIGN_IDENTITY = "Apple Development";
				"CODE_SIGN_IDENTITY[sdk=macosx*]" = "Developer ID Application: Bill Coderre (RUHYK57MF9)";
				CODE_SIGN_STYLE = Manual;
				COMBINE_HIDPI_IMAGES = YES;
				CURRENT_PROJECT_VERSION = 60;
				DEAD_CODE_STRIPPING = YES;
				DEVELOPMENT_TEAM = RUHYK57MF9;
				INFOPLIST_FILE = MysteryPrismClock/Info.plist;
				INFOPLIST_KEY_NSHumanReadableCopyright = "";
				INFOPLIST_KEY_NSPrincipalClass = "$(PRODUCT_MODULE_NAME).MysteryPrismScreenSaver";
				INSTALL_PATH = "$(HOME)/Library/Screen Savers";
				MACOSX_DEPLOYMENT_TARGET = 15.6;
				MARKETING_VERSION = 1.5f1;
				OTHER_CODE_SIGN_FLAGS = "--timestamp";
				PRODUCT_BUNDLE_IDENTIFIER = com.moxiesoftware.MysteryPrismClock;
				PRODUCT_NAME = MysteryPrism;
				PROVISIONING_PROFILE_SPECIFIER = "";
				STRING_CATALOG_GENERATE_SYMBOLS = YES;
				SWIFT_EMIT_LOC_STRINGS = YES;
				SWIFT_OBJC_BRIDGING_HEADER = "";
				SWIFT_VERSION = 5.0;
				VERSIONING_SYSTEM = "apple-generic";
				WRAPPER_EXTENSION = saver;
			};
			name = Release;
		};
/* End XCBuildConfiguration section */

/* Begin XCConfigurationList section */
		44483AC52EA452BD00F49641 /* Build configuration list for PBXProject "MysteryPrismClock" */ = {
			isa = XCConfigurationList;
			buildConfigurations = (
				44483AD22EA452BD00F49641 /* Debug */,
				44483AD32EA452BD00F49641 /* Release */,
			);
			defaultConfigurationIsVisible = 0;
			defaultConfigurationName = Release;
		};
		44483AD42EA452BD00F49641 /* Build configuration list for PBXNativeTarget "MysteryPrismClock" */ = {
			isa = XCConfigurationList;
			buildConfigurations = (
				44483AD52EA452BD00F49641 /* Debug */,
				44483AD62EA452BD00F49641 /* Release */,
			);
			defaultConfigurationIsVisible = 0;
			defaultConfigurationName = Release;
		};
/* End XCConfigurationList section */
	};
	rootObject = 44483AC22EA452BD00F49641 /* Project object */;
}
